
Microsoft Visual Studio Solution File, Format Version 12.00
# Visual Studio Version 17
VisualStudioVersion = 17.0.31903.59
MinimumVisualStudioVersion = 10.0.40219.1
Project("{FAE04EC0-301F-11D3-BF4B-00C04F79EFBC}") = "asp.net-lesson2", "asp.net-lesson2\asp.net-lesson2.csproj", "{5B5E35DC-B2C1-45EE-8B2F-D646D9617E6C}"
EndProject
Global
	GlobalSection(SolutionConfigurationPlatforms) = preSolution
		Debug|Any CPU = Debug|Any CPU
		Release|Any CPU = Release|Any CPU
	EndGlobalSection
	GlobalSection(ProjectConfigurationPlatforms) = postSolution
		{5B5E35DC-B2C1-45EE-8B2F-D646D9617E6C}.Debug|Any CPU.ActiveCfg = Debug|Any CPU
		{5B5E35DC-B2C1-45EE-8B2F-D646D9617E6C}.Debug|Any CPU.Build.0 = Debug|Any CPU
		{5B5E35DC-B2C1-45EE-8B2F-D646D9617E6C}.Release|Any CPU.ActiveCfg = Release|Any CPU
		{5B5E35DC-B2C1-45EE-8B2F-D646D9617E6C}.Release|Any CPU.Build.0 = Release|Any CPU
	EndGlobalSection
	GlobalSection(SolutionProperties) = preSolution
		HideSolutionNode = FALSE
	EndGlobalSection
	GlobalSection(ExtensibilityGlobals) = postSolution
		SolutionGuid = {B807FE3E-A5B1-4889-AD57-4A64E24B230B}
	EndGlobalSection
EndGlobal
